
Microsoft Visual Studio Solution File, Format Version 12.00
# Visual Studio Version 17
VisualStudioVersion = 17.4.33122.133
MinimumVisualStudioVersion = 10.0.40219.1
Project("{FAE04EC0-301F-11D3-BF4B-00C04F79EFBC}") = "App-Test-Web", "App-Test-Web.csproj", "{F628A4D5-A7F6-446C-A9E2-966C77871D9F}"
EndProject
Global
	GlobalSection(SolutionConfigurationPlatforms) = preSolution
		Debug|Any CPU = Debug|Any CPU
		Release|Any CPU = Release|Any CPU
	EndGlobalSection
	GlobalSection(ProjectConfigurationPlatforms) = postSolution
		{F628A4D5-A7F6-446C-A9E2-966C77871D9F}.Debug|Any CPU.ActiveCfg = Debug|Any CPU
		{F628A4D5-A7F6-446C-A9E2-966C77871D9F}.Debug|Any CPU.Build.0 = Debug|Any CPU
		{F628A4D5-A7F6-446C-A9E2-966C77871D9F}.Release|Any CPU.ActiveCfg = Release|Any CPU
		{F628A4D5-A7F6-446C-A9E2-966C77871D9F}.Release|Any CPU.Build.0 = Release|Any CPU
	EndGlobalSection
	GlobalSection(SolutionProperties) = preSolution
		HideSolutionNode = FALSE
	EndGlobalSection
	GlobalSection(ExtensibilityGlobals) = postSolution
		SolutionGuid = {B66878D7-CB87-40F8-BACC-D3DDCD134A1F}
	EndGlobalSection
EndGlobal
